// !$*UTF8*$!
{
	archiveVersion = 1;
	classes = {
	};
	objectVersion = 50;
	objects = {

/* Begin PBXBuildFile section */
		EFAF4E24234E913B00D391E7 /* NSString+WordCount.m in Sources */ = {isa = PBXBuildFile; fileRef = EFAF4E23234E913B00D391E7 /* NSString+WordCount.m */; };
		EFAF4E29234E98D400D391E7 /* Document.m in Sources */ = {isa = PBXBuildFile; fileRef = EFAF4E28234E98D400D391E7 /* Document.m */; };
		EFAF4E2D234ECE4800D391E7 /* DocumentController.m in Sources */ = {isa = PBXBuildFile; fileRef = EFAF4E2C234ECE4800D391E7 /* DocumentController.m */; };
		EFB71172234E86C700BF2D04 /* AppDelegate.m in Sources */ = {isa = PBXBuildFile; fileRef = EFB71171234E86C700BF2D04 /* AppDelegate.m */; };
		EFB71175234E86C700BF2D04 /* SceneDelegate.m in Sources */ = {isa = PBXBuildFile; fileRef = EFB71174234E86C700BF2D04 /* SceneDelegate.m */; };
		EFB7117B234E86C700BF2D04 /* Main.storyboard in Resources */ = {isa = PBXBuildFile; fileRef = EFB71179234E86C700BF2D04 /* Main.storyboard */; };
		EFB7117D234E86E000BF2D04 /* Assets.xcassets in Resources */ = {isa = PBXBuildFile; fileRef = EFB7117C234E86E000BF2D04 /* Assets.xcassets */; };
		EFB71180234E86E000BF2D04 /* LaunchScreen.storyboard in Resources */ = {isa = PBXBuildFile; fileRef = EFB7117E234E86E000BF2D04 /* LaunchScreen.storyboard */; };
		EFB71183234E86E000BF2D04 /* main.m in Sources */ = {isa = PBXBuildFile; fileRef = EFB71182234E86E000BF2D04 /* main.m */; };
		EFB7118B234E8B2C00BF2D04 /* DocsTableViewController.m in Sources */ = {isa = PBXBuildFile; fileRef = EFB7118A234E8B2C00BF2D04 /* DocsTableViewController.m */; };
		EFB7118F234E8B8C00BF2D04 /* DocDetailViewController.m in Sources */ = {isa = PBXBuildFile; fileRef = EFB7118E234E8B8C00BF2D04 /* DocDetailViewController.m */; };
/* End PBXBuildFile section */

/* Begin PBXFileReference section */
		EFAF4E22234E913B00D391E7 /* NSString+WordCount.h */ = {isa = PBXFileReference; lastKnownFileType = sourcecode.c.h; path = "NSString+WordCount.h"; sourceTree = "<group>"; };
		EFAF4E23234E913B00D391E7 /* NSString+WordCount.m */ = {isa = PBXFileReference; lastKnownFileType = sourcecode.c.objc; path = "NSString+WordCount.m"; sourceTree = "<group>"; };
		EFAF4E27234E98D400D391E7 /* Document.h */ = {isa = PBXFileReference; lastKnownFileType = sourcecode.c.h; path = Document.h; sourceTree = "<group>"; };
		EFAF4E28234E98D400D391E7 /* Document.m */ = {isa = PBXFileReference; lastKnownFileType = sourcecode.c.objc; path = Document.m; sourceTree = "<group>"; };
		EFAF4E2B234ECE4800D391E7 /* DocumentController.h */ = {isa = PBXFileReference; lastKnownFileType = sourcecode.c.h; path = DocumentController.h; sourceTree = "<group>"; };
		EFAF4E2C234ECE4800D391E7 /* DocumentController.m */ = {isa = PBXFileReference; lastKnownFileType = sourcecode.c.objc; path = DocumentController.m; sourceTree = "<group>"; };
		EFB7116D234E86C700BF2D04 /* DocumentsObj-C.app */ = {isa = PBXFileReference; explicitFileType = wrapper.application; includeInIndex = 0; path = "DocumentsObj-C.app"; sourceTree = BUILT_PRODUCTS_DIR; };
		EFB71170234E86C700BF2D04 /* AppDelegate.h */ = {isa = PBXFileReference; lastKnownFileType = sourcecode.c.h; path = AppDelegate.h; sourceTree = "<group>"; };
		EFB71171234E86C700BF2D04 /* AppDelegate.m */ = {isa = PBXFileReference; lastKnownFileType = sourcecode.c.objc; path = AppDelegate.m; sourceTree = "<group>"; };
		EFB71173234E86C700BF2D04 /* SceneDelegate.h */ = {isa = PBXFileReference; lastKnownFileType = sourcecode.c.h; path = SceneDelegate.h; sourceTree = "<group>"; };
		EFB71174234E86C700BF2D04 /* SceneDelegate.m */ = {isa = PBXFileReference; lastKnownFileType = sourcecode.c.objc; path = SceneDelegate.m; sourceTree = "<group>"; };
		EFB7117A234E86C700BF2D04 /* Base */ = {isa = PBXFileReference; lastKnownFileType = file.storyboard; name = Base; path = Base.lproj/Main.storyboard; sourceTree = "<group>"; };
		EFB7117C234E86E000BF2D04 /* Assets.xcassets */ = {isa = PBXFileReference; lastKnownFileType = folder.assetcatalog; path = Assets.xcassets; sourceTree = "<group>"; };
		EFB7117F234E86E000BF2D04 /* Base */ = {isa = PBXFileReference; lastKnownFileType = file.storyboard; name = Base; path = Base.lproj/LaunchScreen.storyboard; sourceTree = "<group>"; };
		EFB71181234E86E000BF2D04 /* Info.plist */ = {isa = PBXFileReference; lastKnownFileType = text.plist.xml; path = Info.plist; sourceTree = "<group>"; };
		EFB71182234E86E000BF2D04 /* main.m */ = {isa = PBXFileReference; lastKnownFileType = sourcecode.c.objc; path = main.m; sourceTree = "<group>"; };
		EFB71189234E8B2C00BF2D04 /* DocsTableViewController.h */ = {isa = PBXFileReference; lastKnownFileType = sourcecode.c.h; path = DocsTableViewController.h; sourceTree = "<group>"; };
		EFB7118A234E8B2C00BF2D04 /* DocsTableViewController.m */ = {isa = PBXFileReference; lastKnownFileType = sourcecode.c.objc; path = DocsTableViewController.m; sourceTree = "<group>"; };
		EFB7118D234E8B8C00BF2D04 /* DocDetailViewController.h */ = {isa = PBXFileReference; lastKnownFileType = sourcecode.c.h; path = DocDetailViewController.h; sourceTree = "<group>"; };
		EFB7118E234E8B8C00BF2D04 /* DocDetailViewController.m */ = {isa = PBXFileReference; lastKnownFileType = sourcecode.c.objc; path = DocDetailViewController.m; sourceTree = "<group>"; };
/* End PBXFileReference section */

/* Begin PBXFrameworksBuildPhase section */
		EFB7116A234E86C700BF2D04 /* Frameworks */ = {
			isa = PBXFrameworksBuildPhase;
			buildActionMask = 2147483647;
			files = (
			);
			runOnlyForDeploymentPostprocessing = 0;
		};
/* End PBXFrameworksBuildPhase section */

/* Begin PBXGroup section */
		EFAF4E25234E914800D391E7 /* Helpers */ = {
			isa = PBXGroup;
			children = (
				EFAF4E22234E913B00D391E7 /* NSString+WordCount.h */,
				EFAF4E23234E913B00D391E7 /* NSString+WordCount.m */,
			);
			path = Helpers;
			sourceTree = "<group>";
		};
		EFAF4E26234E988600D391E7 /* ViewControllers */ = {
			isa = PBXGroup;
			children = (
				EFB71189234E8B2C00BF2D04 /* DocsTableViewController.h */,
				EFB7118A234E8B2C00BF2D04 /* DocsTableViewController.m */,
				EFB7118D234E8B8C00BF2D04 /* DocDetailViewController.h */,
				EFB7118E234E8B8C00BF2D04 /* DocDetailViewController.m */,
			);
			path = ViewControllers;
			sourceTree = "<group>";
		};
		EFAF4E2A234E98DE00D391E7 /* Models */ = {
			isa = PBXGroup;
			children = (
				EFAF4E27234E98D400D391E7 /* Document.h */,
				EFAF4E28234E98D400D391E7 /* Document.m */,
			);
			path = Models;
			sourceTree = "<group>";
		};
		EFAF4E2E234ECE5000D391E7 /* ModelControllers */ = {
			isa = PBXGroup;
			children = (
				EFAF4E2B234ECE4800D391E7 /* DocumentController.h */,
				EFAF4E2C234ECE4800D391E7 /* DocumentController.m */,
			);
			path = ModelControllers;
			sourceTree = "<group>";
		};
		EFB71164234E86C600BF2D04 = {
			isa = PBXGroup;
			children = (
				EFB7116F234E86C700BF2D04 /* DocumentsObj-C */,
				EFB7116E234E86C700BF2D04 /* Products */,
			);
			sourceTree = "<group>";
		};
		EFB7116E234E86C700BF2D04 /* Products */ = {
			isa = PBXGroup;
			children = (
				EFB7116D234E86C700BF2D04 /* DocumentsObj-C.app */,
			);
			name = Products;
			sourceTree = "<group>";
		};
		EFB7116F234E86C700BF2D04 /* DocumentsObj-C */ = {
			isa = PBXGroup;
			children = (
				EFB71170234E86C700BF2D04 /* AppDelegate.h */,
				EFB71171234E86C700BF2D04 /* AppDelegate.m */,
				EFAF4E2E234ECE5000D391E7 /* ModelControllers */,
				EFB71173234E86C700BF2D04 /* SceneDelegate.h */,
				EFAF4E2A234E98DE00D391E7 /* Models */,
				EFAF4E25234E914800D391E7 /* Helpers */,
				EFB71174234E86C700BF2D04 /* SceneDelegate.m */,
				EFB71179234E86C700BF2D04 /* Main.storyboard */,
				EFAF4E26234E988600D391E7 /* ViewControllers */,
				EFB7117C234E86E000BF2D04 /* Assets.xcassets */,
				EFB7117E234E86E000BF2D04 /* LaunchScreen.storyboard */,
				EFB71181234E86E000BF2D04 /* Info.plist */,
				EFB71182234E86E000BF2D04 /* main.m */,
			);
			path = "DocumentsObj-C";
			sourceTree = "<group>";
		};
/* End PBXGroup section */

/* Begin PBXNativeTarget section */
		EFB7116C234E86C700BF2D04 /* DocumentsObj-C */ = {
			isa = PBXNativeTarget;
			buildConfigurationList = EFB71186234E86E000BF2D04 /* Build configuration list for PBXNativeTarget "DocumentsObj-C" */;
			buildPhases = (
				EFB71169234E86C700BF2D04 /* Sources */,
				EFB7116A234E86C700BF2D04 /* Frameworks */,
				EFB7116B234E86C700BF2D04 /* Resources */,
			);
			buildRules = (
			);
			dependencies = (
			);
			name = "DocumentsObj-C";
			productName = "DocumentsObj-C";
			productReference = EFB7116D234E86C700BF2D04 /* DocumentsObj-C.app */;
			productType = "com.apple.product-type.application";
		};
/* End PBXNativeTarget section */

/* Begin PBXProject section */
		EFB71165234E86C600BF2D04 /* Project object */ = {
			isa = PBXProject;
			attributes = {
				LastUpgradeCheck = 1100;
				ORGANIZATIONNAME = "Luqmaan Khan";
				TargetAttributes = {
					EFB7116C234E86C700BF2D04 = {
						CreatedOnToolsVersion = 11.0;
					};
				};
			};
			buildConfigurationList = EFB71168234E86C600BF2D04 /* Build configuration list for PBXProject "DocumentsObj-C" */;
			compatibilityVersion = "Xcode 9.3";
			developmentRegion = en;
			hasScannedForEncodings = 0;
			knownRegions = (
				en,
				Base,
			);
			mainGroup = EFB71164234E86C600BF2D04;
			productRefGroup = EFB7116E234E86C700BF2D04 /* Products */;
			projectDirPath = "";
			projectRoot = "";
			targets = (
				EFB7116C234E86C700BF2D04 /* DocumentsObj-C */,
			);
		};
/* End PBXProject section */

/* Begin PBXResourcesBuildPhase section */
		EFB7116B234E86C700BF2D04 /* Resources */ = {
			isa = PBXResourcesBuildPhase;
			buildActionMask = 2147483647;
			files = (
				EFB71180234E86E000BF2D04 /* LaunchScreen.storyboard in Resources */,
				EFB7117D234E86E000BF2D04 /* Assets.xcassets in Resources */,
				EFB7117B234E86C700BF2D04 /* Main.storyboard in Resources */,
			);
			runOnlyForDeploymentPostprocessing = 0;
		};
/* End PBXResourcesBuildPhase section */

/* Begin PBXSourcesBuildPhase section */
		EFB71169234E86C700BF2D04 /* Sources */ = {
			isa = PBXSourcesBuildPhase;
			buildActionMask = 2147483647;
			files = (
				EFB7118B234E8B2C00BF2D04 /* DocsTableViewController.m in Sources */,
				EFB71172234E86C700BF2D04 /* AppDelegate.m in Sources */,
				EFAF4E2D234ECE4800D391E7 /* DocumentController.m in Sources */,
				EFB7118F234E8B8C00BF2D04 /* DocDetailViewController.m in Sources */,
				EFAF4E29234E98D400D391E7 /* Document.m in Sources */,
				EFAF4E24234E913B00D391E7 /* NSString+WordCount.m in Sources */,
				EFB71183234E86E000BF2D04 /* main.m in Sources */,
				EFB71175234E86C700BF2D04 /* SceneDelegate.m in Sources */,
			);
			runOnlyForDeploymentPostprocessing = 0;
		};
/* End PBXSourcesBuildPhase section */

/* Begin PBXVariantGroup section */
		EFB71179234E86C700BF2D04 /* Main.storyboard */ = {
			isa = PBXVariantGroup;
			children = (
				EFB7117A234E86C700BF2D04 /* Base */,
			);
			name = Main.storyboard;
			sourceTree = "<group>";
		};
		EFB7117E234E86E000BF2D04 /* LaunchScreen.storyboard */ = {
			isa = PBXVariantGroup;
			children = (
				EFB7117F234E86E000BF2D04 /* Base */,
			);
			name = LaunchScreen.storyboard;
			sourceTree = "<group>";
		};
/* End PBXVariantGroup section */

/* Begin XCBuildConfiguration section */
		EFB71184234E86E000BF2D04 /* Debug */ = {
			isa = XCBuildConfiguration;
			buildSettings = {
				ALWAYS_SEARCH_USER_PATHS = NO;
				CLANG_ANALYZER_NONNULL = YES;
				CLANG_ANALYZER_NUMBER_OBJECT_CONVERSION = YES_AGGRESSIVE;
				CLANG_CXX_LANGUAGE_STANDARD = "gnu++14";
				CLANG_CXX_LIBRARY = "libc++";
				CLANG_ENABLE_MODULES = YES;
				CLANG_ENABLE_OBJC_ARC = YES;
				CLANG_ENABLE_OBJC_WEAK = YES;
				CLANG_WARN_BLOCK_CAPTURE_AUTORELEASING = YES;
				CLANG_WARN_BOOL_CONVERSION = YES;
				CLANG_WARN_COMMA = YES;
				CLANG_WARN_CONSTANT_CONVERSION = YES;
				CLANG_WARN_DEPRECATED_OBJC_IMPLEMENTATIONS = YES;
				CLANG_WARN_DIRECT_OBJC_ISA_USAGE = YES_ERROR;
				CLANG_WARN_DOCUMENTATION_COMMENTS = YES;
				CLANG_WARN_EMPTY_BODY = YES;
				CLANG_WARN_ENUM_CONVERSION = YES;
				CLANG_WARN_INFINITE_RECURSION = YES;
				CLANG_WARN_INT_CONVERSION = YES;
				CLANG_WARN_NON_LITERAL_NULL_CONVERSION = YES;
				CLANG_WARN_OBJC_IMPLICIT_RETAIN_SELF = YES;
				CLANG_WARN_OBJC_LITERAL_CONVERSION = YES;
				CLANG_WARN_OBJC_ROOT_CLASS = YES_ERROR;
				CLANG_WARN_RANGE_LOOP_ANALYSIS = YES;
				CLANG_WARN_STRICT_PROTOTYPES = YES;
				CLANG_WARN_SUSPICIOUS_MOVE = YES;
				CLANG_WARN_UNGUARDED_AVAILABILITY = YES_AGGRESSIVE;
				CLANG_WARN_UNREACHABLE_CODE = YES;
				CLANG_WARN__DUPLICATE_METHOD_MATCH = YES;
				COPY_PHASE_STRIP = NO;
				DEBUG_INFORMATION_FORMAT = dwarf;
				ENABLE_STRICT_OBJC_MSGSEND = YES;
				ENABLE_TESTABILITY = YES;
				GCC_C_LANGUAGE_STANDARD = gnu11;
				GCC_DYNAMIC_NO_PIC = NO;
				GCC_NO_COMMON_BLOCKS = YES;
				GCC_OPTIMIZATION_LEVEL = 0;
				GCC_PREPROCESSOR_DEFINITIONS = (
					"DEBUG=1",
					"$(inherited)",
				);
				GCC_WARN_64_TO_32_BIT_CONVERSION = YES;
				GCC_WARN_ABOUT_RETURN_TYPE = YES_ERROR;
				GCC_WARN_UNDECLARED_SELECTOR = YES;
				GCC_WARN_UNINITIALIZED_AUTOS = YES_AGGRESSIVE;
				GCC_WARN_UNUSED_FUNCTION = YES;
				GCC_WARN_UNUSED_VARIABLE = YES;
				IPHONEOS_DEPLOYMENT_TARGET = 13.0;
				MTL_ENABLE_DEBUG_INFO = INCLUDE_SOURCE;
				MTL_FAST_MATH = YES;
				ONLY_ACTIVE_ARCH = YES;
				SDKROOT = iphoneos;
			};
			name = Debug;
		};
		EFB71185234E86E000BF2D04 /* Release */ = {
			isa = XCBuildConfiguration;
			buildSettings = {
				ALWAYS_SEARCH_USER_PATHS = NO;
				CLANG_ANALYZER_NONNULL = YES;
				CLANG_ANALYZER_NUMBER_OBJECT_CONVERSION = YES_AGGRESSIVE;
				CLANG_CXX_LANGUAGE_STANDARD = "gnu++14";
				CLANG_CXX_LIBRARY = "libc++";
				CLANG_ENABLE_MODULES = YES;
				CLANG_ENABLE_OBJC_ARC = YES;
				CLANG_ENABLE_OBJC_WEAK = YES;
				CLANG_WARN_BLOCK_CAPTURE_AUTORELEASING = YES;
				CLANG_WARN_BOOL_CONVERSION = YES;
				CLANG_WARN_COMMA = YES;
				CLANG_WARN_CONSTANT_CONVERSION = YES;
				CLANG_WARN_DEPRECATED_OBJC_IMPLEMENTATIONS = YES;
				CLANG_WARN_DIRECT_OBJC_ISA_USAGE = YES_ERROR;
				CLANG_WARN_DOCUMENTATION_COMMENTS = YES;
				CLANG_WARN_EMPTY_BODY = YES;
				CLANG_WARN_ENUM_CONVERSION = YES;
				CLANG_WARN_INFINITE_RECURSION = YES;
				CLANG_WARN_INT_CONVERSION = YES;
				CLANG_WARN_NON_LITERAL_NULL_CONVERSION = YES;
				CLANG_WARN_OBJC_IMPLICIT_RETAIN_SELF = YES;
				CLANG_WARN_OBJC_LITERAL_CONVERSION = YES;
				CLANG_WARN_OBJC_ROOT_CLASS = YES_ERROR;
				CLANG_WARN_RANGE_LOOP_ANALYSIS = YES;
				CLANG_WARN_STRICT_PROTOTYPES = YES;
				CLANG_WARN_SUSPICIOUS_MOVE = YES;
				CLANG_WARN_UNGUARDED_AVAILABILITY = YES_AGGRESSIVE;
				CLANG_WARN_UNREACHABLE_CODE = YES;
				CLANG_WARN__DUPLICATE_METHOD_MATCH = YES;
				COPY_PHASE_STRIP = NO;
				DEBUG_INFORMATION_FORMAT = "dwarf-with-dsym";
				ENABLE_NS_ASSERTIONS = NO;
				ENABLE_STRICT_OBJC_MSGSEND = YES;
				GCC_C_LANGUAGE_STANDARD = gnu11;
				GCC_NO_COMMON_BLOCKS = YES;
				GCC_WARN_64_TO_32_BIT_CONVERSION = YES;
				GCC_WARN_ABOUT_RETURN_TYPE = YES_ERROR;
				GCC_WARN_UNDECLARED_SELECTOR = YES;
				GCC_WARN_UNINITIALIZED_AUTOS = YES_AGGRESSIVE;
				GCC_WARN_UNUSED_FUNCTION = YES;
				GCC_WARN_UNUSED_VARIABLE = YES;
				IPHONEOS_DEPLOYMENT_TARGET = 13.0;
				MTL_ENABLE_DEBUG_INFO = NO;
				MTL_FAST_MATH = YES;
				SDKROOT = iphoneos;
				VALIDATE_PRODUCT = YES;
			};
			name = Release;
		};
		EFB71187234E86E000BF2D04 /* Debug */ = {
			isa = XCBuildConfiguration;
			buildSettings = {
				ASSETCATALOG_COMPILER_APPICON_NAME = AppIcon;
				CODE_SIGN_STYLE = Automatic;
				DEVELOPMENT_TEAM = VXUQXR6S56;
				INFOPLIST_FILE = "DocumentsObj-C/Info.plist";
				LD_RUNPATH_SEARCH_PATHS = (
					"$(inherited)",
					"@executable_path/Frameworks",
				);
				PRODUCT_BUNDLE_IDENTIFIER = "com.luqmaankhan.DocumentsObj-C";
				PRODUCT_NAME = "$(TARGET_NAME)";
				TARGETED_DEVICE_FAMILY = "1,2";
			};
			name = Debug;
		};
		EFB71188234E86E000BF2D04 /* Release */ = {
			isa = XCBuildConfiguration;
			buildSettings = {
				ASSETCATALOG_COMPILER_APPICON_NAME = AppIcon;
				CODE_SIGN_STYLE = Automatic;
				DEVELOPMENT_TEAM = VXUQXR6S56;
				INFOPLIST_FILE = "DocumentsObj-C/Info.plist";
				LD_RUNPATH_SEARCH_PATHS = (
					"$(inherited)",
					"@executable_path/Frameworks",
				);
				PRODUCT_BUNDLE_IDENTIFIER = "com.luqmaankhan.DocumentsObj-C";
				PRODUCT_NAME = "$(TARGET_NAME)";
				TARGETED_DEVICE_FAMILY = "1,2";
			};
			name = Release;
		};
/* End XCBuildConfiguration section */

/* Begin XCConfigurationList section */
		EFB71168234E86C600BF2D04 /* Build configuration list for PBXProject "DocumentsObj-C" */ = {
			isa = XCConfigurationList;
			buildConfigurations = (
				EFB71184234E86E000BF2D04 /* Debug */,
				EFB71185234E86E000BF2D04 /* Release */,
			);
			defaultConfigurationIsVisible = 0;
			defaultConfigurationName = Release;
		};
		EFB71186234E86E000BF2D04 /* Build configuration list for PBXNativeTarget "DocumentsObj-C" */ = {
			isa = XCConfigurationList;
			buildConfigurations = (
				EFB71187234E86E000BF2D04 /* Debug */,
				EFB71188234E86E000BF2D04 /* Release */,
			);
			defaultConfigurationIsVisible = 0;
			defaultConfigurationName = Release;
		};
/* End XCConfigurationList section */
	};
	rootObject = EFB71165234E86C600BF2D04 /* Project object */;
}
