// !$*UTF8*$!
{
	archiveVersion = 1;
	classes = {
	};
	objectVersion = 50;
	objects = {

/* Begin PBXBuildFile section */
		113341E022273E6900256324 /* AppDelegate.m in Sources */ = {isa = PBXBuildFile; fileRef = 113341DF22273E6900256324 /* AppDelegate.m */; };
		113341E622273E6900256324 /* Main.storyboard in Resources */ = {isa = PBXBuildFile; fileRef = 113341E422273E6900256324 /* Main.storyboard */; };
		113341E822273E6A00256324 /* Assets.xcassets in Resources */ = {isa = PBXBuildFile; fileRef = 113341E722273E6A00256324 /* Assets.xcassets */; };
		113341EB22273E6A00256324 /* LaunchScreen.storyboard in Resources */ = {isa = PBXBuildFile; fileRef = 113341E922273E6A00256324 /* LaunchScreen.storyboard */; };
		113341EE22273E6A00256324 /* main.m in Sources */ = {isa = PBXBuildFile; fileRef = 113341ED22273E6A00256324 /* main.m */; };
		113341FA22273F5400256324 /* DocumentsTableViewController.m in Sources */ = {isa = PBXBuildFile; fileRef = 113341F922273F5400256324 /* DocumentsTableViewController.m */; };
		113341FD22273FA800256324 /* DetailViewController.m in Sources */ = {isa = PBXBuildFile; fileRef = 113341FC22273FA800256324 /* DetailViewController.m */; };
		113342032227451E00256324 /* NSString+WordCount.m in Sources */ = {isa = PBXBuildFile; fileRef = 113342022227451E00256324 /* NSString+WordCount.m */; };
		113342062227481300256324 /* Document.m in Sources */ = {isa = PBXBuildFile; fileRef = 113342052227481300256324 /* Document.m */; };
		113342092227583A00256324 /* DocumentController.m in Sources */ = {isa = PBXBuildFile; fileRef = 113342082227583A00256324 /* DocumentController.m */; };
/* End PBXBuildFile section */

/* Begin PBXFileReference section */
		113341DB22273E6800256324 /* Documents.app */ = {isa = PBXFileReference; explicitFileType = wrapper.application; includeInIndex = 0; path = Documents.app; sourceTree = BUILT_PRODUCTS_DIR; };
		113341DE22273E6900256324 /* AppDelegate.h */ = {isa = PBXFileReference; lastKnownFileType = sourcecode.c.h; path = AppDelegate.h; sourceTree = "<group>"; };
		113341DF22273E6900256324 /* AppDelegate.m */ = {isa = PBXFileReference; lastKnownFileType = sourcecode.c.objc; path = AppDelegate.m; sourceTree = "<group>"; };
		113341E522273E6900256324 /* Base */ = {isa = PBXFileReference; lastKnownFileType = file.storyboard; name = Base; path = Base.lproj/Main.storyboard; sourceTree = "<group>"; };
		113341E722273E6A00256324 /* Assets.xcassets */ = {isa = PBXFileReference; lastKnownFileType = folder.assetcatalog; path = Assets.xcassets; sourceTree = "<group>"; };
		113341EA22273E6A00256324 /* Base */ = {isa = PBXFileReference; lastKnownFileType = file.storyboard; name = Base; path = Base.lproj/LaunchScreen.storyboard; sourceTree = "<group>"; };
		113341EC22273E6A00256324 /* Info.plist */ = {isa = PBXFileReference; lastKnownFileType = text.plist.xml; path = Info.plist; sourceTree = "<group>"; };
		113341ED22273E6A00256324 /* main.m */ = {isa = PBXFileReference; lastKnownFileType = sourcecode.c.objc; path = main.m; sourceTree = "<group>"; };
		113341F822273F5400256324 /* DocumentsTableViewController.h */ = {isa = PBXFileReference; lastKnownFileType = sourcecode.c.h; path = DocumentsTableViewController.h; sourceTree = "<group>"; };
		113341F922273F5400256324 /* DocumentsTableViewController.m */ = {isa = PBXFileReference; lastKnownFileType = sourcecode.c.objc; path = DocumentsTableViewController.m; sourceTree = "<group>"; };
		113341FB22273FA800256324 /* DetailViewController.h */ = {isa = PBXFileReference; lastKnownFileType = sourcecode.c.h; path = DetailViewController.h; sourceTree = "<group>"; };
		113341FC22273FA800256324 /* DetailViewController.m */ = {isa = PBXFileReference; lastKnownFileType = sourcecode.c.objc; path = DetailViewController.m; sourceTree = "<group>"; };
		113342012227451E00256324 /* NSString+WordCount.h */ = {isa = PBXFileReference; lastKnownFileType = sourcecode.c.h; path = "NSString+WordCount.h"; sourceTree = "<group>"; };
		113342022227451E00256324 /* NSString+WordCount.m */ = {isa = PBXFileReference; lastKnownFileType = sourcecode.c.objc; path = "NSString+WordCount.m"; sourceTree = "<group>"; };
		113342042227481300256324 /* Document.h */ = {isa = PBXFileReference; lastKnownFileType = sourcecode.c.h; path = Document.h; sourceTree = "<group>"; };
		113342052227481300256324 /* Document.m */ = {isa = PBXFileReference; lastKnownFileType = sourcecode.c.objc; path = Document.m; sourceTree = "<group>"; };
		113342072227583A00256324 /* DocumentController.h */ = {isa = PBXFileReference; lastKnownFileType = sourcecode.c.h; path = DocumentController.h; sourceTree = "<group>"; };
		113342082227583A00256324 /* DocumentController.m */ = {isa = PBXFileReference; lastKnownFileType = sourcecode.c.objc; path = DocumentController.m; sourceTree = "<group>"; };
/* End PBXFileReference section */

/* Begin PBXFrameworksBuildPhase section */
		113341D822273E6800256324 /* Frameworks */ = {
			isa = PBXFrameworksBuildPhase;
			buildActionMask = 2147483647;
			files = (
			);
			runOnlyForDeploymentPostprocessing = 0;
		};
/* End PBXFrameworksBuildPhase section */

/* Begin PBXGroup section */
		113341D222273E6800256324 = {
			isa = PBXGroup;
			children = (
				113341DD22273E6800256324 /* Documents */,
				113341DC22273E6800256324 /* Products */,
			);
			sourceTree = "<group>";
		};
		113341DC22273E6800256324 /* Products */ = {
			isa = PBXGroup;
			children = (
				113341DB22273E6800256324 /* Documents.app */,
			);
			name = Products;
			sourceTree = "<group>";
		};
		113341DD22273E6800256324 /* Documents */ = {
			isa = PBXGroup;
			children = (
				113341F722273F0E00256324 /* Storyboards */,
				113341F522273EEC00256324 /* Model & Controller */,
				113341F622273EFB00256324 /* View Controllers */,
				113341F422273EDF00256324 /* Resources */,
			);
			path = Documents;
			sourceTree = "<group>";
		};
		113341F422273EDF00256324 /* Resources */ = {
			isa = PBXGroup;
			children = (
				113341DE22273E6900256324 /* AppDelegate.h */,
				113341DF22273E6900256324 /* AppDelegate.m */,
				113341E722273E6A00256324 /* Assets.xcassets */,
				113341E922273E6A00256324 /* LaunchScreen.storyboard */,
				113341EC22273E6A00256324 /* Info.plist */,
				113341ED22273E6A00256324 /* main.m */,
			);
			path = Resources;
			sourceTree = "<group>";
		};
		113341F522273EEC00256324 /* Model & Controller */ = {
			isa = PBXGroup;
			children = (
				113342012227451E00256324 /* NSString+WordCount.h */,
				113342022227451E00256324 /* NSString+WordCount.m */,
				113342042227481300256324 /* Document.h */,
				113342052227481300256324 /* Document.m */,
				113342072227583A00256324 /* DocumentController.h */,
				113342082227583A00256324 /* DocumentController.m */,
			);
			path = "Model & Controller";
			sourceTree = "<group>";
		};
		113341F622273EFB00256324 /* View Controllers */ = {
			isa = PBXGroup;
			children = (
				113341F822273F5400256324 /* DocumentsTableViewController.h */,
				113341F922273F5400256324 /* DocumentsTableViewController.m */,
				113341FB22273FA800256324 /* DetailViewController.h */,
				113341FC22273FA800256324 /* DetailViewController.m */,
			);
			path = "View Controllers";
			sourceTree = "<group>";
		};
		113341F722273F0E00256324 /* Storyboards */ = {
			isa = PBXGroup;
			children = (
				113341E422273E6900256324 /* Main.storyboard */,
			);
			path = Storyboards;
			sourceTree = "<group>";
		};
/* End PBXGroup section */

/* Begin PBXNativeTarget section */
		113341DA22273E6800256324 /* Documents */ = {
			isa = PBXNativeTarget;
			buildConfigurationList = 113341F122273E6A00256324 /* Build configuration list for PBXNativeTarget "Documents" */;
			buildPhases = (
				113341D722273E6800256324 /* Sources */,
				113341D822273E6800256324 /* Frameworks */,
				113341D922273E6800256324 /* Resources */,
			);
			buildRules = (
			);
			dependencies = (
			);
			name = Documents;
			productName = Documents;
			productReference = 113341DB22273E6800256324 /* Documents.app */;
			productType = "com.apple.product-type.application";
		};
/* End PBXNativeTarget section */

/* Begin PBXProject section */
		113341D322273E6800256324 /* Project object */ = {
			isa = PBXProject;
			attributes = {
				LastUpgradeCheck = 1010;
				ORGANIZATIONNAME = "Jonah Bergevin";
				TargetAttributes = {
					113341DA22273E6800256324 = {
						CreatedOnToolsVersion = 10.1;
					};
				};
			};
			buildConfigurationList = 113341D622273E6800256324 /* Build configuration list for PBXProject "Documents" */;
			compatibilityVersion = "Xcode 9.3";
			developmentRegion = en;
			hasScannedForEncodings = 0;
			knownRegions = (
				en,
				Base,
			);
			mainGroup = 113341D222273E6800256324;
			productRefGroup = 113341DC22273E6800256324 /* Products */;
			projectDirPath = "";
			projectRoot = "";
			targets = (
				113341DA22273E6800256324 /* Documents */,
			);
		};
/* End PBXProject section */

/* Begin PBXResourcesBuildPhase section */
		113341D922273E6800256324 /* Resources */ = {
			isa = PBXResourcesBuildPhase;
			buildActionMask = 2147483647;
			files = (
				113341EB22273E6A00256324 /* LaunchScreen.storyboard in Resources */,
				113341E822273E6A00256324 /* Assets.xcassets in Resources */,
				113341E622273E6900256324 /* Main.storyboard in Resources */,
			);
			runOnlyForDeploymentPostprocessing = 0;
		};
/* End PBXResourcesBuildPhase section */

/* Begin PBXSourcesBuildPhase section */
		113341D722273E6800256324 /* Sources */ = {
			isa = PBXSourcesBuildPhase;
			buildActionMask = 2147483647;
			files = (
				113342062227481300256324 /* Document.m in Sources */,
				113341EE22273E6A00256324 /* main.m in Sources */,
				113341FA22273F5400256324 /* DocumentsTableViewController.m in Sources */,
				113342032227451E00256324 /* NSString+WordCount.m in Sources */,
				113341E022273E6900256324 /* AppDelegate.m in Sources */,
				113342092227583A00256324 /* DocumentController.m in Sources */,
				113341FD22273FA800256324 /* DetailViewController.m in Sources */,
			);
			runOnlyForDeploymentPostprocessing = 0;
		};
/* End PBXSourcesBuildPhase section */

/* Begin PBXVariantGroup section */
		113341E422273E6900256324 /* Main.storyboard */ = {
			isa = PBXVariantGroup;
			children = (
				113341E522273E6900256324 /* Base */,
			);
			name = Main.storyboard;
			sourceTree = "<group>";
		};
		113341E922273E6A00256324 /* LaunchScreen.storyboard */ = {
			isa = PBXVariantGroup;
			children = (
				113341EA22273E6A00256324 /* Base */,
			);
			name = LaunchScreen.storyboard;
			sourceTree = "<group>";
		};
/* End PBXVariantGroup section */

/* Begin XCBuildConfiguration section */
		113341EF22273E6A00256324 /* Debug */ = {
			isa = XCBuildConfiguration;
			buildSettings = {
				ALWAYS_SEARCH_USER_PATHS = NO;
				CLANG_ANALYZER_NONNULL = YES;
				CLANG_ANALYZER_NUMBER_OBJECT_CONVERSION = YES_AGGRESSIVE;
				CLANG_CXX_LANGUAGE_STANDARD = "gnu++14";
				CLANG_CXX_LIBRARY = "libc++";
				CLANG_ENABLE_MODULES = YES;
				CLANG_ENABLE_OBJC_ARC = YES;
				CLANG_ENABLE_OBJC_WEAK = YES;
				CLANG_WARN_BLOCK_CAPTURE_AUTORELEASING = YES;
				CLANG_WARN_BOOL_CONVERSION = YES;
				CLANG_WARN_COMMA = YES;
				CLANG_WARN_CONSTANT_CONVERSION = YES;
				CLANG_WARN_DEPRECATED_OBJC_IMPLEMENTATIONS = YES;
				CLANG_WARN_DIRECT_OBJC_ISA_USAGE = YES_ERROR;
				CLANG_WARN_DOCUMENTATION_COMMENTS = YES;
				CLANG_WARN_EMPTY_BODY = YES;
				CLANG_WARN_ENUM_CONVERSION = YES;
				CLANG_WARN_INFINITE_RECURSION = YES;
				CLANG_WARN_INT_CONVERSION = YES;
				CLANG_WARN_NON_LITERAL_NULL_CONVERSION = YES;
				CLANG_WARN_OBJC_IMPLICIT_RETAIN_SELF = YES;
				CLANG_WARN_OBJC_LITERAL_CONVERSION = YES;
				CLANG_WARN_OBJC_ROOT_CLASS = YES_ERROR;
				CLANG_WARN_RANGE_LOOP_ANALYSIS = YES;
				CLANG_WARN_STRICT_PROTOTYPES = YES;
				CLANG_WARN_SUSPICIOUS_MOVE = YES;
				CLANG_WARN_UNGUARDED_AVAILABILITY = YES_AGGRESSIVE;
				CLANG_WARN_UNREACHABLE_CODE = YES;
				CLANG_WARN__DUPLICATE_METHOD_MATCH = YES;
				CODE_SIGN_IDENTITY = "iPhone Developer";
				COPY_PHASE_STRIP = NO;
				DEBUG_INFORMATION_FORMAT = dwarf;
				ENABLE_STRICT_OBJC_MSGSEND = YES;
				ENABLE_TESTABILITY = YES;
				GCC_C_LANGUAGE_STANDARD = gnu11;
				GCC_DYNAMIC_NO_PIC = NO;
				GCC_NO_COMMON_BLOCKS = YES;
				GCC_OPTIMIZATION_LEVEL = 0;
				GCC_PREPROCESSOR_DEFINITIONS = (
					"DEBUG=1",
					"$(inherited)",
				);
				GCC_WARN_64_TO_32_BIT_CONVERSION = YES;
				GCC_WARN_ABOUT_RETURN_TYPE = YES_ERROR;
				GCC_WARN_UNDECLARED_SELECTOR = YES;
				GCC_WARN_UNINITIALIZED_AUTOS = YES_AGGRESSIVE;
				GCC_WARN_UNUSED_FUNCTION = YES;
				GCC_WARN_UNUSED_VARIABLE = YES;
				IPHONEOS_DEPLOYMENT_TARGET = 12.1;
				MTL_ENABLE_DEBUG_INFO = INCLUDE_SOURCE;
				MTL_FAST_MATH = YES;
				ONLY_ACTIVE_ARCH = YES;
				SDKROOT = iphoneos;
			};
			name = Debug;
		};
		113341F022273E6A00256324 /* Release */ = {
			isa = XCBuildConfiguration;
			buildSettings = {
				ALWAYS_SEARCH_USER_PATHS = NO;
				CLANG_ANALYZER_NONNULL = YES;
				CLANG_ANALYZER_NUMBER_OBJECT_CONVERSION = YES_AGGRESSIVE;
				CLANG_CXX_LANGUAGE_STANDARD = "gnu++14";
				CLANG_CXX_LIBRARY = "libc++";
				CLANG_ENABLE_MODULES = YES;
				CLANG_ENABLE_OBJC_ARC = YES;
				CLANG_ENABLE_OBJC_WEAK = YES;
				CLANG_WARN_BLOCK_CAPTURE_AUTORELEASING = YES;
				CLANG_WARN_BOOL_CONVERSION = YES;
				CLANG_WARN_COMMA = YES;
				CLANG_WARN_CONSTANT_CONVERSION = YES;
				CLANG_WARN_DEPRECATED_OBJC_IMPLEMENTATIONS = YES;
				CLANG_WARN_DIRECT_OBJC_ISA_USAGE = YES_ERROR;
				CLANG_WARN_DOCUMENTATION_COMMENTS = YES;
				CLANG_WARN_EMPTY_BODY = YES;
				CLANG_WARN_ENUM_CONVERSION = YES;
				CLANG_WARN_INFINITE_RECURSION = YES;
				CLANG_WARN_INT_CONVERSION = YES;
				CLANG_WARN_NON_LITERAL_NULL_CONVERSION = YES;
				CLANG_WARN_OBJC_IMPLICIT_RETAIN_SELF = YES;
				CLANG_WARN_OBJC_LITERAL_CONVERSION = YES;
				CLANG_WARN_OBJC_ROOT_CLASS = YES_ERROR;
				CLANG_WARN_RANGE_LOOP_ANALYSIS = YES;
				CLANG_WARN_STRICT_PROTOTYPES = YES;
				CLANG_WARN_SUSPICIOUS_MOVE = YES;
				CLANG_WARN_UNGUARDED_AVAILABILITY = YES_AGGRESSIVE;
				CLANG_WARN_UNREACHABLE_CODE = YES;
				CLANG_WARN__DUPLICATE_METHOD_MATCH = YES;
				CODE_SIGN_IDENTITY = "iPhone Developer";
				COPY_PHASE_STRIP = NO;
				DEBUG_INFORMATION_FORMAT = "dwarf-with-dsym";
				ENABLE_NS_ASSERTIONS = NO;
				ENABLE_STRICT_OBJC_MSGSEND = YES;
				GCC_C_LANGUAGE_STANDARD = gnu11;
				GCC_NO_COMMON_BLOCKS = YES;
				GCC_WARN_64_TO_32_BIT_CONVERSION = YES;
				GCC_WARN_ABOUT_RETURN_TYPE = YES_ERROR;
				GCC_WARN_UNDECLARED_SELECTOR = YES;
				GCC_WARN_UNINITIALIZED_AUTOS = YES_AGGRESSIVE;
				GCC_WARN_UNUSED_FUNCTION = YES;
				GCC_WARN_UNUSED_VARIABLE = YES;
				IPHONEOS_DEPLOYMENT_TARGET = 12.1;
				MTL_ENABLE_DEBUG_INFO = NO;
				MTL_FAST_MATH = YES;
				SDKROOT = iphoneos;
				VALIDATE_PRODUCT = YES;
			};
			name = Release;
		};
		113341F222273E6A00256324 /* Debug */ = {
			isa = XCBuildConfiguration;
			buildSettings = {
				ASSETCATALOG_COMPILER_APPICON_NAME = AppIcon;
				CODE_SIGN_STYLE = Automatic;
				INFOPLIST_FILE = "$(SRCROOT)/Documents/Resources/Info.plist";
				LD_RUNPATH_SEARCH_PATHS = (
					"$(inherited)",
					"@executable_path/Frameworks",
				);
				PRODUCT_BUNDLE_IDENTIFIER = com.jdb.Documents;
				PRODUCT_NAME = "$(TARGET_NAME)";
				TARGETED_DEVICE_FAMILY = "1,2";
			};
			name = Debug;
		};
		113341F322273E6A00256324 /* Release */ = {
			isa = XCBuildConfiguration;
			buildSettings = {
				ASSETCATALOG_COMPILER_APPICON_NAME = AppIcon;
				CODE_SIGN_STYLE = Automatic;
				INFOPLIST_FILE = "$(SRCROOT)/Documents/Resources/Info.plist";
				LD_RUNPATH_SEARCH_PATHS = (
					"$(inherited)",
					"@executable_path/Frameworks",
				);
				PRODUCT_BUNDLE_IDENTIFIER = com.jdb.Documents;
				PRODUCT_NAME = "$(TARGET_NAME)";
				TARGETED_DEVICE_FAMILY = "1,2";
			};
			name = Release;
		};
/* End XCBuildConfiguration section */

/* Begin XCConfigurationList section */
		113341D622273E6800256324 /* Build configuration list for PBXProject "Documents" */ = {
			isa = XCConfigurationList;
			buildConfigurations = (
				113341EF22273E6A00256324 /* Debug */,
				113341F022273E6A00256324 /* Release */,
			);
			defaultConfigurationIsVisible = 0;
			defaultConfigurationName = Release;
		};
		113341F122273E6A00256324 /* Build configuration list for PBXNativeTarget "Documents" */ = {
			isa = XCConfigurationList;
			buildConfigurations = (
				113341F222273E6A00256324 /* Debug */,
				113341F322273E6A00256324 /* Release */,
			);
			defaultConfigurationIsVisible = 0;
			defaultConfigurationName = Release;
		};
/* End XCConfigurationList section */
	};
	rootObject = 113341D322273E6800256324 /* Project object */;
}
