// !$*UTF8*$!
{
	archiveVersion = 1;
	classes = {
	};
	objectVersion = 50;
	objects = {

/* Begin PBXBuildFile section */
		C09747E923D8E3FB00DD739F /* AppDelegate.m in Sources */ = {isa = PBXBuildFile; fileRef = C09747E823D8E3FB00DD739F /* AppDelegate.m */; };
		C09747EC23D8E3FB00DD739F /* SceneDelegate.m in Sources */ = {isa = PBXBuildFile; fileRef = C09747EB23D8E3FB00DD739F /* SceneDelegate.m */; };
		C09747EF23D8E3FB00DD739F /* DocumentDetailViewController.m in Sources */ = {isa = PBXBuildFile; fileRef = C09747EE23D8E3FB00DD739F /* DocumentDetailViewController.m */; };
		C09747F223D8E3FB00DD739F /* Main.storyboard in Resources */ = {isa = PBXBuildFile; fileRef = C09747F023D8E3FB00DD739F /* Main.storyboard */; };
		C09747F423D8E3FD00DD739F /* Assets.xcassets in Resources */ = {isa = PBXBuildFile; fileRef = C09747F323D8E3FD00DD739F /* Assets.xcassets */; };
		C09747F723D8E3FD00DD739F /* LaunchScreen.storyboard in Resources */ = {isa = PBXBuildFile; fileRef = C09747F523D8E3FD00DD739F /* LaunchScreen.storyboard */; };
		C09747FA23D8E3FD00DD739F /* main.m in Sources */ = {isa = PBXBuildFile; fileRef = C09747F923D8E3FD00DD739F /* main.m */; };
		C097480223D8F10100DD739F /* NSString+DMOWordCount.m in Sources */ = {isa = PBXBuildFile; fileRef = C097480123D8F10100DD739F /* NSString+DMOWordCount.m */; };
		C097480523D8FE4D00DD739F /* DMODocument.m in Sources */ = {isa = PBXBuildFile; fileRef = C097480423D8FE4D00DD739F /* DMODocument.m */; };
		C097480823D9111000DD739F /* DMODocumentController.m in Sources */ = {isa = PBXBuildFile; fileRef = C097480723D9111000DD739F /* DMODocumentController.m */; };
/* End PBXBuildFile section */

/* Begin PBXFileReference section */
		C09747E423D8E3FB00DD739F /* DMODocuments-Obj-C.app */ = {isa = PBXFileReference; explicitFileType = wrapper.application; includeInIndex = 0; path = "DMODocuments-Obj-C.app"; sourceTree = BUILT_PRODUCTS_DIR; };
		C09747E723D8E3FB00DD739F /* AppDelegate.h */ = {isa = PBXFileReference; lastKnownFileType = sourcecode.c.h; path = AppDelegate.h; sourceTree = "<group>"; };
		C09747E823D8E3FB00DD739F /* AppDelegate.m */ = {isa = PBXFileReference; lastKnownFileType = sourcecode.c.objc; path = AppDelegate.m; sourceTree = "<group>"; };
		C09747EA23D8E3FB00DD739F /* SceneDelegate.h */ = {isa = PBXFileReference; lastKnownFileType = sourcecode.c.h; path = SceneDelegate.h; sourceTree = "<group>"; };
		C09747EB23D8E3FB00DD739F /* SceneDelegate.m */ = {isa = PBXFileReference; lastKnownFileType = sourcecode.c.objc; path = SceneDelegate.m; sourceTree = "<group>"; };
		C09747ED23D8E3FB00DD739F /* DocumentDetailViewController.h */ = {isa = PBXFileReference; lastKnownFileType = sourcecode.c.h; path = DocumentDetailViewController.h; sourceTree = "<group>"; };
		C09747EE23D8E3FB00DD739F /* DocumentDetailViewController.m */ = {isa = PBXFileReference; lastKnownFileType = sourcecode.c.objc; path = DocumentDetailViewController.m; sourceTree = "<group>"; };
		C09747F123D8E3FB00DD739F /* Base */ = {isa = PBXFileReference; lastKnownFileType = file.storyboard; name = Base; path = Base.lproj/Main.storyboard; sourceTree = "<group>"; };
		C09747F323D8E3FD00DD739F /* Assets.xcassets */ = {isa = PBXFileReference; lastKnownFileType = folder.assetcatalog; path = Assets.xcassets; sourceTree = "<group>"; };
		C09747F623D8E3FD00DD739F /* Base */ = {isa = PBXFileReference; lastKnownFileType = file.storyboard; name = Base; path = Base.lproj/LaunchScreen.storyboard; sourceTree = "<group>"; };
		C09747F823D8E3FD00DD739F /* Info.plist */ = {isa = PBXFileReference; lastKnownFileType = text.plist.xml; path = Info.plist; sourceTree = "<group>"; };
		C09747F923D8E3FD00DD739F /* main.m */ = {isa = PBXFileReference; lastKnownFileType = sourcecode.c.objc; path = main.m; sourceTree = "<group>"; };
		C097480023D8F10100DD739F /* NSString+DMOWordCount.h */ = {isa = PBXFileReference; lastKnownFileType = sourcecode.c.h; path = "NSString+DMOWordCount.h"; sourceTree = "<group>"; };
		C097480123D8F10100DD739F /* NSString+DMOWordCount.m */ = {isa = PBXFileReference; lastKnownFileType = sourcecode.c.objc; path = "NSString+DMOWordCount.m"; sourceTree = "<group>"; };
		C097480323D8FE4D00DD739F /* DMODocument.h */ = {isa = PBXFileReference; lastKnownFileType = sourcecode.c.h; path = DMODocument.h; sourceTree = "<group>"; };
		C097480423D8FE4D00DD739F /* DMODocument.m */ = {isa = PBXFileReference; lastKnownFileType = sourcecode.c.objc; path = DMODocument.m; sourceTree = "<group>"; };
		C097480623D9111000DD739F /* DMODocumentController.h */ = {isa = PBXFileReference; lastKnownFileType = sourcecode.c.h; path = DMODocumentController.h; sourceTree = "<group>"; };
		C097480723D9111000DD739F /* DMODocumentController.m */ = {isa = PBXFileReference; lastKnownFileType = sourcecode.c.objc; path = DMODocumentController.m; sourceTree = "<group>"; };
/* End PBXFileReference section */

/* Begin PBXFrameworksBuildPhase section */
		C09747E123D8E3FB00DD739F /* Frameworks */ = {
			isa = PBXFrameworksBuildPhase;
			buildActionMask = 2147483647;
			files = (
			);
			runOnlyForDeploymentPostprocessing = 0;
		};
/* End PBXFrameworksBuildPhase section */

/* Begin PBXGroup section */
		C09747DB23D8E3FB00DD739F = {
			isa = PBXGroup;
			children = (
				C09747E623D8E3FB00DD739F /* DMODocuments-Obj-C */,
				C09747E523D8E3FB00DD739F /* Products */,
			);
			sourceTree = "<group>";
		};
		C09747E523D8E3FB00DD739F /* Products */ = {
			isa = PBXGroup;
			children = (
				C09747E423D8E3FB00DD739F /* DMODocuments-Obj-C.app */,
			);
			name = Products;
			sourceTree = "<group>";
		};
		C09747E623D8E3FB00DD739F /* DMODocuments-Obj-C */ = {
			isa = PBXGroup;
			children = (
				C09747E723D8E3FB00DD739F /* AppDelegate.h */,
				C09747E823D8E3FB00DD739F /* AppDelegate.m */,
				C09747EA23D8E3FB00DD739F /* SceneDelegate.h */,
				C09747EB23D8E3FB00DD739F /* SceneDelegate.m */,
				C097480023D8F10100DD739F /* NSString+DMOWordCount.h */,
				C097480123D8F10100DD739F /* NSString+DMOWordCount.m */,
				C09747ED23D8E3FB00DD739F /* DocumentDetailViewController.h */,
				C09747EE23D8E3FB00DD739F /* DocumentDetailViewController.m */,
				C097480623D9111000DD739F /* DMODocumentController.h */,
				C097480723D9111000DD739F /* DMODocumentController.m */,
				C097480323D8FE4D00DD739F /* DMODocument.h */,
				C097480423D8FE4D00DD739F /* DMODocument.m */,
				C09747F023D8E3FB00DD739F /* Main.storyboard */,
				C09747F323D8E3FD00DD739F /* Assets.xcassets */,
				C09747F523D8E3FD00DD739F /* LaunchScreen.storyboard */,
				C09747F823D8E3FD00DD739F /* Info.plist */,
				C09747F923D8E3FD00DD739F /* main.m */,
			);
			path = "DMODocuments-Obj-C";
			sourceTree = "<group>";
		};
/* End PBXGroup section */

/* Begin PBXNativeTarget section */
		C09747E323D8E3FB00DD739F /* DMODocuments-Obj-C */ = {
			isa = PBXNativeTarget;
			buildConfigurationList = C09747FD23D8E3FD00DD739F /* Build configuration list for PBXNativeTarget "DMODocuments-Obj-C" */;
			buildPhases = (
				C09747E023D8E3FB00DD739F /* Sources */,
				C09747E123D8E3FB00DD739F /* Frameworks */,
				C09747E223D8E3FB00DD739F /* Resources */,
			);
			buildRules = (
			);
			dependencies = (
			);
			name = "DMODocuments-Obj-C";
			productName = "DMODocuments-Obj-C";
			productReference = C09747E423D8E3FB00DD739F /* DMODocuments-Obj-C.app */;
			productType = "com.apple.product-type.application";
		};
/* End PBXNativeTarget section */

/* Begin PBXProject section */
		C09747DC23D8E3FB00DD739F /* Project object */ = {
			isa = PBXProject;
			attributes = {
				CLASSPREFIX = DMO;
				LastUpgradeCheck = 1130;
				ORGANIZATIONNAME = morse;
				TargetAttributes = {
					C09747E323D8E3FB00DD739F = {
						CreatedOnToolsVersion = 11.3;
					};
				};
			};
			buildConfigurationList = C09747DF23D8E3FB00DD739F /* Build configuration list for PBXProject "DMODocuments-Obj-C" */;
			compatibilityVersion = "Xcode 9.3";
			developmentRegion = en;
			hasScannedForEncodings = 0;
			knownRegions = (
				en,
				Base,
			);
			mainGroup = C09747DB23D8E3FB00DD739F;
			productRefGroup = C09747E523D8E3FB00DD739F /* Products */;
			projectDirPath = "";
			projectRoot = "";
			targets = (
				C09747E323D8E3FB00DD739F /* DMODocuments-Obj-C */,
			);
		};
/* End PBXProject section */

/* Begin PBXResourcesBuildPhase section */
		C09747E223D8E3FB00DD739F /* Resources */ = {
			isa = PBXResourcesBuildPhase;
			buildActionMask = 2147483647;
			files = (
				C09747F723D8E3FD00DD739F /* LaunchScreen.storyboard in Resources */,
				C09747F423D8E3FD00DD739F /* Assets.xcassets in Resources */,
				C09747F223D8E3FB00DD739F /* Main.storyboard in Resources */,
			);
			runOnlyForDeploymentPostprocessing = 0;
		};
/* End PBXResourcesBuildPhase section */

/* Begin PBXSourcesBuildPhase section */
		C09747E023D8E3FB00DD739F /* Sources */ = {
			isa = PBXSourcesBuildPhase;
			buildActionMask = 2147483647;
			files = (
				C09747EF23D8E3FB00DD739F /* DocumentDetailViewController.m in Sources */,
				C09747E923D8E3FB00DD739F /* AppDelegate.m in Sources */,
				C09747FA23D8E3FD00DD739F /* main.m in Sources */,
				C09747EC23D8E3FB00DD739F /* SceneDelegate.m in Sources */,
				C097480223D8F10100DD739F /* NSString+DMOWordCount.m in Sources */,
				C097480823D9111000DD739F /* DMODocumentController.m in Sources */,
				C097480523D8FE4D00DD739F /* DMODocument.m in Sources */,
			);
			runOnlyForDeploymentPostprocessing = 0;
		};
/* End PBXSourcesBuildPhase section */

/* Begin PBXVariantGroup section */
		C09747F023D8E3FB00DD739F /* Main.storyboard */ = {
			isa = PBXVariantGroup;
			children = (
				C09747F123D8E3FB00DD739F /* Base */,
			);
			name = Main.storyboard;
			sourceTree = "<group>";
		};
		C09747F523D8E3FD00DD739F /* LaunchScreen.storyboard */ = {
			isa = PBXVariantGroup;
			children = (
				C09747F623D8E3FD00DD739F /* Base */,
			);
			name = LaunchScreen.storyboard;
			sourceTree = "<group>";
		};
/* End PBXVariantGroup section */

/* Begin XCBuildConfiguration section */
		C09747FB23D8E3FD00DD739F /* Debug */ = {
			isa = XCBuildConfiguration;
			buildSettings = {
				ALWAYS_SEARCH_USER_PATHS = NO;
				CLANG_ANALYZER_NONNULL = YES;
				CLANG_ANALYZER_NUMBER_OBJECT_CONVERSION = YES_AGGRESSIVE;
				CLANG_CXX_LANGUAGE_STANDARD = "gnu++14";
				CLANG_CXX_LIBRARY = "libc++";
				CLANG_ENABLE_MODULES = YES;
				CLANG_ENABLE_OBJC_ARC = YES;
				CLANG_ENABLE_OBJC_WEAK = YES;
				CLANG_WARN_BLOCK_CAPTURE_AUTORELEASING = YES;
				CLANG_WARN_BOOL_CONVERSION = YES;
				CLANG_WARN_COMMA = YES;
				CLANG_WARN_CONSTANT_CONVERSION = YES;
				CLANG_WARN_DEPRECATED_OBJC_IMPLEMENTATIONS = YES;
				CLANG_WARN_DIRECT_OBJC_ISA_USAGE = YES_ERROR;
				CLANG_WARN_DOCUMENTATION_COMMENTS = YES;
				CLANG_WARN_EMPTY_BODY = YES;
				CLANG_WARN_ENUM_CONVERSION = YES;
				CLANG_WARN_INFINITE_RECURSION = YES;
				CLANG_WARN_INT_CONVERSION = YES;
				CLANG_WARN_NON_LITERAL_NULL_CONVERSION = YES;
				CLANG_WARN_OBJC_IMPLICIT_RETAIN_SELF = YES;
				CLANG_WARN_OBJC_LITERAL_CONVERSION = YES;
				CLANG_WARN_OBJC_ROOT_CLASS = YES_ERROR;
				CLANG_WARN_RANGE_LOOP_ANALYSIS = YES;
				CLANG_WARN_STRICT_PROTOTYPES = YES;
				CLANG_WARN_SUSPICIOUS_MOVE = YES;
				CLANG_WARN_UNGUARDED_AVAILABILITY = YES_AGGRESSIVE;
				CLANG_WARN_UNREACHABLE_CODE = YES;
				CLANG_WARN__DUPLICATE_METHOD_MATCH = YES;
				COPY_PHASE_STRIP = NO;
				DEBUG_INFORMATION_FORMAT = dwarf;
				ENABLE_STRICT_OBJC_MSGSEND = YES;
				ENABLE_TESTABILITY = YES;
				GCC_C_LANGUAGE_STANDARD = gnu11;
				GCC_DYNAMIC_NO_PIC = NO;
				GCC_NO_COMMON_BLOCKS = YES;
				GCC_OPTIMIZATION_LEVEL = 0;
				GCC_PREPROCESSOR_DEFINITIONS = (
					"DEBUG=1",
					"$(inherited)",
				);
				GCC_WARN_64_TO_32_BIT_CONVERSION = YES;
				GCC_WARN_ABOUT_RETURN_TYPE = YES_ERROR;
				GCC_WARN_UNDECLARED_SELECTOR = YES;
				GCC_WARN_UNINITIALIZED_AUTOS = YES_AGGRESSIVE;
				GCC_WARN_UNUSED_FUNCTION = YES;
				GCC_WARN_UNUSED_VARIABLE = YES;
				IPHONEOS_DEPLOYMENT_TARGET = 13.2;
				MTL_ENABLE_DEBUG_INFO = INCLUDE_SOURCE;
				MTL_FAST_MATH = YES;
				ONLY_ACTIVE_ARCH = YES;
				SDKROOT = iphoneos;
			};
			name = Debug;
		};
		C09747FC23D8E3FD00DD739F /* Release */ = {
			isa = XCBuildConfiguration;
			buildSettings = {
				ALWAYS_SEARCH_USER_PATHS = NO;
				CLANG_ANALYZER_NONNULL = YES;
				CLANG_ANALYZER_NUMBER_OBJECT_CONVERSION = YES_AGGRESSIVE;
				CLANG_CXX_LANGUAGE_STANDARD = "gnu++14";
				CLANG_CXX_LIBRARY = "libc++";
				CLANG_ENABLE_MODULES = YES;
				CLANG_ENABLE_OBJC_ARC = YES;
				CLANG_ENABLE_OBJC_WEAK = YES;
				CLANG_WARN_BLOCK_CAPTURE_AUTORELEASING = YES;
				CLANG_WARN_BOOL_CONVERSION = YES;
				CLANG_WARN_COMMA = YES;
				CLANG_WARN_CONSTANT_CONVERSION = YES;
				CLANG_WARN_DEPRECATED_OBJC_IMPLEMENTATIONS = YES;
				CLANG_WARN_DIRECT_OBJC_ISA_USAGE = YES_ERROR;
				CLANG_WARN_DOCUMENTATION_COMMENTS = YES;
				CLANG_WARN_EMPTY_BODY = YES;
				CLANG_WARN_ENUM_CONVERSION = YES;
				CLANG_WARN_INFINITE_RECURSION = YES;
				CLANG_WARN_INT_CONVERSION = YES;
				CLANG_WARN_NON_LITERAL_NULL_CONVERSION = YES;
				CLANG_WARN_OBJC_IMPLICIT_RETAIN_SELF = YES;
				CLANG_WARN_OBJC_LITERAL_CONVERSION = YES;
				CLANG_WARN_OBJC_ROOT_CLASS = YES_ERROR;
				CLANG_WARN_RANGE_LOOP_ANALYSIS = YES;
				CLANG_WARN_STRICT_PROTOTYPES = YES;
				CLANG_WARN_SUSPICIOUS_MOVE = YES;
				CLANG_WARN_UNGUARDED_AVAILABILITY = YES_AGGRESSIVE;
				CLANG_WARN_UNREACHABLE_CODE = YES;
				CLANG_WARN__DUPLICATE_METHOD_MATCH = YES;
				COPY_PHASE_STRIP = NO;
				DEBUG_INFORMATION_FORMAT = "dwarf-with-dsym";
				ENABLE_NS_ASSERTIONS = NO;
				ENABLE_STRICT_OBJC_MSGSEND = YES;
				GCC_C_LANGUAGE_STANDARD = gnu11;
				GCC_NO_COMMON_BLOCKS = YES;
				GCC_WARN_64_TO_32_BIT_CONVERSION = YES;
				GCC_WARN_ABOUT_RETURN_TYPE = YES_ERROR;
				GCC_WARN_UNDECLARED_SELECTOR = YES;
				GCC_WARN_UNINITIALIZED_AUTOS = YES_AGGRESSIVE;
				GCC_WARN_UNUSED_FUNCTION = YES;
				GCC_WARN_UNUSED_VARIABLE = YES;
				IPHONEOS_DEPLOYMENT_TARGET = 13.2;
				MTL_ENABLE_DEBUG_INFO = NO;
				MTL_FAST_MATH = YES;
				SDKROOT = iphoneos;
				VALIDATE_PRODUCT = YES;
			};
			name = Release;
		};
		C09747FE23D8E3FD00DD739F /* Debug */ = {
			isa = XCBuildConfiguration;
			buildSettings = {
				ASSETCATALOG_COMPILER_APPICON_NAME = AppIcon;
				CODE_SIGN_STYLE = Automatic;
				INFOPLIST_FILE = "DMODocuments-Obj-C/Info.plist";
				LD_RUNPATH_SEARCH_PATHS = (
					"$(inherited)",
					"@executable_path/Frameworks",
				);
				PRODUCT_BUNDLE_IDENTIFIER = "git.DMODocuments-Obj-C";
				PRODUCT_NAME = "$(TARGET_NAME)";
				TARGETED_DEVICE_FAMILY = "1,2";
			};
			name = Debug;
		};
		C09747FF23D8E3FD00DD739F /* Release */ = {
			isa = XCBuildConfiguration;
			buildSettings = {
				ASSETCATALOG_COMPILER_APPICON_NAME = AppIcon;
				CODE_SIGN_STYLE = Automatic;
				INFOPLIST_FILE = "DMODocuments-Obj-C/Info.plist";
				LD_RUNPATH_SEARCH_PATHS = (
					"$(inherited)",
					"@executable_path/Frameworks",
				);
				PRODUCT_BUNDLE_IDENTIFIER = "git.DMODocuments-Obj-C";
				PRODUCT_NAME = "$(TARGET_NAME)";
				TARGETED_DEVICE_FAMILY = "1,2";
			};
			name = Release;
		};
/* End XCBuildConfiguration section */

/* Begin XCConfigurationList section */
		C09747DF23D8E3FB00DD739F /* Build configuration list for PBXProject "DMODocuments-Obj-C" */ = {
			isa = XCConfigurationList;
			buildConfigurations = (
				C09747FB23D8E3FD00DD739F /* Debug */,
				C09747FC23D8E3FD00DD739F /* Release */,
			);
			defaultConfigurationIsVisible = 0;
			defaultConfigurationName = Release;
		};
		C09747FD23D8E3FD00DD739F /* Build configuration list for PBXNativeTarget "DMODocuments-Obj-C" */ = {
			isa = XCConfigurationList;
			buildConfigurations = (
				C09747FE23D8E3FD00DD739F /* Debug */,
				C09747FF23D8E3FD00DD739F /* Release */,
			);
			defaultConfigurationIsVisible = 0;
			defaultConfigurationName = Release;
		};
/* End XCConfigurationList section */
	};
	rootObject = C09747DC23D8E3FB00DD739F /* Project object */;
}
